
Microsoft Visual Studio Solution File, Format Version 12.00
# Visual Studio 14
VisualStudioVersion = 14.0.25420.1
MinimumVisualStudioVersion = 10.0.40219.1
Project("{FAE04EC0-301F-11D3-BF4B-00C04F79EFBC}") = "HackAtHomeClient", "HackAtHomeClient\HackAtHomeClient.csproj", "{154909BF-C65A-464A-8377-414F54A3A6A3}"
EndProject
Project("{FAE04EC0-301F-11D3-BF4B-00C04F79EFBC}") = "HackAtHome.CustomAdapters", "HackAtHome.CustomAdapters\HackAtHome.CustomAdapters.csproj", "{E94FACBF-FB9E-4007-A401-C6CC89AF7195}"
EndProject
Project("{FAE04EC0-301F-11D3-BF4B-00C04F79EFBC}") = "HackAtHome.Entities", "HackAtHome.Entities\HackAtHome.Entities.csproj", "{36CEF54E-5437-4F55-82F1-3DCDD7D53F7A}"
EndProject
Project("{FAE04EC0-301F-11D3-BF4B-00C04F79EFBC}") = "HackAtHome.SAL", "HackAtHome.SAL\HackAtHome.SAL.csproj", "{C57C5F43-8C7C-4EBB-B9D9-11270FD645B8}"
EndProject
Global
	GlobalSection(SolutionConfigurationPlatforms) = preSolution
		Debug|Any CPU = Debug|Any CPU
		Release|Any CPU = Release|Any CPU
	EndGlobalSection
	GlobalSection(ProjectConfigurationPlatforms) = postSolution
		{154909BF-C65A-464A-8377-414F54A3A6A3}.Debug|Any CPU.ActiveCfg = Debug|Any CPU
		{154909BF-C65A-464A-8377-414F54A3A6A3}.Debug|Any CPU.Build.0 = Debug|Any CPU
		{154909BF-C65A-464A-8377-414F54A3A6A3}.Debug|Any CPU.Deploy.0 = Debug|Any CPU
		{154909BF-C65A-464A-8377-414F54A3A6A3}.Release|Any CPU.ActiveCfg = Release|Any CPU
		{154909BF-C65A-464A-8377-414F54A3A6A3}.Release|Any CPU.Build.0 = Release|Any CPU
		{154909BF-C65A-464A-8377-414F54A3A6A3}.Release|Any CPU.Deploy.0 = Release|Any CPU
		{E94FACBF-FB9E-4007-A401-C6CC89AF7195}.Debug|Any CPU.ActiveCfg = Debug|Any CPU
		{E94FACBF-FB9E-4007-A401-C6CC89AF7195}.Debug|Any CPU.Build.0 = Debug|Any CPU
		{E94FACBF-FB9E-4007-A401-C6CC89AF7195}.Release|Any CPU.ActiveCfg = Release|Any CPU
		{E94FACBF-FB9E-4007-A401-C6CC89AF7195}.Release|Any CPU.Build.0 = Release|Any CPU
		{36CEF54E-5437-4F55-82F1-3DCDD7D53F7A}.Debug|Any CPU.ActiveCfg = Debug|Any CPU
		{36CEF54E-5437-4F55-82F1-3DCDD7D53F7A}.Debug|Any CPU.Build.0 = Debug|Any CPU
		{36CEF54E-5437-4F55-82F1-3DCDD7D53F7A}.Release|Any CPU.ActiveCfg = Release|Any CPU
		{36CEF54E-5437-4F55-82F1-3DCDD7D53F7A}.Release|Any CPU.Build.0 = Release|Any CPU
		{C57C5F43-8C7C-4EBB-B9D9-11270FD645B8}.Debug|Any CPU.ActiveCfg = Debug|Any CPU
		{C57C5F43-8C7C-4EBB-B9D9-11270FD645B8}.Debug|Any CPU.Build.0 = Debug|Any CPU
		{C57C5F43-8C7C-4EBB-B9D9-11270FD645B8}.Release|Any CPU.ActiveCfg = Release|Any CPU
		{C57C5F43-8C7C-4EBB-B9D9-11270FD645B8}.Release|Any CPU.Build.0 = Release|Any CPU
	EndGlobalSection
	GlobalSection(SolutionProperties) = preSolution
		HideSolutionNode = FALSE
	EndGlobalSection
EndGlobal
